
Microsoft Visual Studio Solution File, Format Version 12.00
# Visual Studio 15
VisualStudioVersion = 15.0.28307.329
MinimumVisualStudioVersion = 10.0.40219.1
Project("{FAE04EC0-301F-11D3-BF4B-00C04F79EFBC}") = "SquareLawInterpolator", "SquareLawInterpolator\SquareLawInterpolator.csproj", "{89BE9A2F-B8D4-4345-8E0A-4889F10C8DCD}"
EndProject
Global
	GlobalSection(SolutionConfigurationPlatforms) = preSolution
		Debug|Any CPU = Debug|Any CPU
		Release|Any CPU = Release|Any CPU
	EndGlobalSection
	GlobalSection(ProjectConfigurationPlatforms) = postSolution
		{89BE9A2F-B8D4-4345-8E0A-4889F10C8DCD}.Debug|Any CPU.ActiveCfg = Debug|Any CPU
		{89BE9A2F-B8D4-4345-8E0A-4889F10C8DCD}.Debug|Any CPU.Build.0 = Debug|Any CPU
		{89BE9A2F-B8D4-4345-8E0A-4889F10C8DCD}.Release|Any CPU.ActiveCfg = Release|Any CPU
		{89BE9A2F-B8D4-4345-8E0A-4889F10C8DCD}.Release|Any CPU.Build.0 = Release|Any CPU
	EndGlobalSection
	GlobalSection(SolutionProperties) = preSolution
		HideSolutionNode = FALSE
	EndGlobalSection
	GlobalSection(ExtensibilityGlobals) = postSolution
		SolutionGuid = {71B916E3-2E60-4B78-B1E9-EE0AD56C36FC}
	EndGlobalSection
EndGlobal
